
Microsoft Visual Studio Solution File, Format Version 12.00
# Visual Studio Version 17
VisualStudioVersion = 17.11.35312.102
MinimumVisualStudioVersion = 10.0.40219.1
Project("{FAE04EC0-301F-11D3-BF4B-00C04F79EFBC}") = "WpfApp1", "WpfApp1\WpfApp1.csproj", "{3A0429C0-F5FE-4EBD-BDA3-2930E4AF00FF}"
EndProject
Global
	GlobalSection(SolutionConfigurationPlatforms) = preSolution
		Debug|Any CPU = Debug|Any CPU
		Release|Any CPU = Release|Any CPU
	EndGlobalSection
	GlobalSection(ProjectConfigurationPlatforms) = postSolution
		{3A0429C0-F5FE-4EBD-BDA3-2930E4AF00FF}.Debug|Any CPU.ActiveCfg = Debug|Any CPU
		{3A0429C0-F5FE-4EBD-BDA3-2930E4AF00FF}.Debug|Any CPU.Build.0 = Debug|Any CPU
		{3A0429C0-F5FE-4EBD-BDA3-2930E4AF00FF}.Release|Any CPU.ActiveCfg = Release|Any CPU
		{3A0429C0-F5FE-4EBD-BDA3-2930E4AF00FF}.Release|Any CPU.Build.0 = Release|Any CPU
	EndGlobalSection
	GlobalSection(SolutionProperties) = preSolution
		HideSolutionNode = FALSE
	EndGlobalSection
	GlobalSection(ExtensibilityGlobals) = postSolution
		SolutionGuid = {7180F416-5E42-410F-9D3E-4C34496E317F}
	EndGlobalSection
EndGlobal
